// !$*UTF8*$!
{
	archiveVersion = 1;
	classes = {
	};
	objectVersion = 56;
	objects = {

/* Begin PBXBuildFile section */
		C8450D5C2ACF692900A1E582 /* iosevkaApp.swift in Sources */ = {isa = PBXBuildFile; fileRef = C8450D5B2ACF692900A1E582 /* iosevkaApp.swift */; };
		C8450D5E2ACF692900A1E582 /* ContentView.swift in Sources */ = {isa = PBXBuildFile; fileRef = C8450D5D2ACF692900A1E582 /* ContentView.swift */; };
		C8450D602ACF692B00A1E582 /* Assets.xcassets in Resources */ = {isa = PBXBuildFile; fileRef = C8450D5F2ACF692B00A1E582 /* Assets.xcassets */; };
		C8450D632ACF692B00A1E582 /* Preview Assets.xcassets in Resources */ = {isa = PBXBuildFile; fileRef = C8450D622ACF692B00A1E582 /* Preview Assets.xcassets */; };
		C8450D6D2ACF692B00A1E582 /* iosevkaTests.swift in Sources */ = {isa = PBXBuildFile; fileRef = C8450D6C2ACF692B00A1E582 /* iosevkaTests.swift */; };
		C8450D772ACF692B00A1E582 /* iosevkaUITests.swift in Sources */ = {isa = PBXBuildFile; fileRef = C8450D762ACF692B00A1E582 /* iosevkaUITests.swift */; };
		C8450D792ACF692B00A1E582 /* iosevkaUITestsLaunchTests.swift in Sources */ = {isa = PBXBuildFile; fileRef = C8450D782ACF692B00A1E582 /* iosevkaUITestsLaunchTests.swift */; };
		C8450D862ACF694400A1E582 /* Trie.swift in Sources */ = {isa = PBXBuildFile; fileRef = C8450D852ACF694400A1E582 /* Trie.swift */; };
		C8450D8A2ACF6A8500A1E582 /* GameBoard.swift in Sources */ = {isa = PBXBuildFile; fileRef = C8450D892ACF6A8500A1E582 /* GameBoard.swift */; };
		C8450D8C2ACF6DF600A1E582 /* TrieTests.swift in Sources */ = {isa = PBXBuildFile; fileRef = C8450D8B2ACF6DF600A1E582 /* TrieTests.swift */; };
		C8450D8E2ACF722C00A1E582 /* Solver.swift in Sources */ = {isa = PBXBuildFile; fileRef = C8450D8D2ACF722C00A1E582 /* Solver.swift */; };
		C894D4A22ACF799600C3739C /* GameBoardView.swift in Sources */ = {isa = PBXBuildFile; fileRef = C894D4A12ACF799600C3739C /* GameBoardView.swift */; };
		C894D4A52ACFC60200C3739C /* ObservableStore in Frameworks */ = {isa = PBXBuildFile; productRef = C894D4A42ACFC60200C3739C /* ObservableStore */; };
		C894D4A72ACFC79C00C3739C /* GameState.swift in Sources */ = {isa = PBXBuildFile; fileRef = C894D4A62ACFC79C00C3739C /* GameState.swift */; };
/* End PBXBuildFile section */

/* Begin PBXContainerItemProxy section */
		C8450D692ACF692B00A1E582 /* PBXContainerItemProxy */ = {
			isa = PBXContainerItemProxy;
			containerPortal = C8450D502ACF692900A1E582 /* Project object */;
			proxyType = 1;
			remoteGlobalIDString = C8450D572ACF692900A1E582;
			remoteInfo = iosevka;
		};
		C8450D732ACF692B00A1E582 /* PBXContainerItemProxy */ = {
			isa = PBXContainerItemProxy;
			containerPortal = C8450D502ACF692900A1E582 /* Project object */;
			proxyType = 1;
			remoteGlobalIDString = C8450D572ACF692900A1E582;
			remoteInfo = iosevka;
		};
/* End PBXContainerItemProxy section */

/* Begin PBXFileReference section */
		C8450D582ACF692900A1E582 /* iosevka.app */ = {isa = PBXFileReference; explicitFileType = wrapper.application; includeInIndex = 0; path = iosevka.app; sourceTree = BUILT_PRODUCTS_DIR; };
		C8450D5B2ACF692900A1E582 /* iosevkaApp.swift */ = {isa = PBXFileReference; lastKnownFileType = sourcecode.swift; path = iosevkaApp.swift; sourceTree = "<group>"; };
		C8450D5D2ACF692900A1E582 /* ContentView.swift */ = {isa = PBXFileReference; lastKnownFileType = sourcecode.swift; path = ContentView.swift; sourceTree = "<group>"; };
		C8450D5F2ACF692B00A1E582 /* Assets.xcassets */ = {isa = PBXFileReference; lastKnownFileType = folder.assetcatalog; path = Assets.xcassets; sourceTree = "<group>"; };
		C8450D622ACF692B00A1E582 /* Preview Assets.xcassets */ = {isa = PBXFileReference; lastKnownFileType = folder.assetcatalog; path = "Preview Assets.xcassets"; sourceTree = "<group>"; };
		C8450D682ACF692B00A1E582 /* iosevkaTests.xctest */ = {isa = PBXFileReference; explicitFileType = wrapper.cfbundle; includeInIndex = 0; path = iosevkaTests.xctest; sourceTree = BUILT_PRODUCTS_DIR; };
		C8450D6C2ACF692B00A1E582 /* iosevkaTests.swift */ = {isa = PBXFileReference; lastKnownFileType = sourcecode.swift; path = iosevkaTests.swift; sourceTree = "<group>"; };
		C8450D722ACF692B00A1E582 /* iosevkaUITests.xctest */ = {isa = PBXFileReference; explicitFileType = wrapper.cfbundle; includeInIndex = 0; path = iosevkaUITests.xctest; sourceTree = BUILT_PRODUCTS_DIR; };
		C8450D762ACF692B00A1E582 /* iosevkaUITests.swift */ = {isa = PBXFileReference; lastKnownFileType = sourcecode.swift; path = iosevkaUITests.swift; sourceTree = "<group>"; };
		C8450D782ACF692B00A1E582 /* iosevkaUITestsLaunchTests.swift */ = {isa = PBXFileReference; lastKnownFileType = sourcecode.swift; path = iosevkaUITestsLaunchTests.swift; sourceTree = "<group>"; };
		C8450D852ACF694400A1E582 /* Trie.swift */ = {isa = PBXFileReference; lastKnownFileType = sourcecode.swift; path = Trie.swift; sourceTree = "<group>"; };
		C8450D892ACF6A8500A1E582 /* GameBoard.swift */ = {isa = PBXFileReference; lastKnownFileType = sourcecode.swift; path = GameBoard.swift; sourceTree = "<group>"; };
		C8450D8B2ACF6DF600A1E582 /* TrieTests.swift */ = {isa = PBXFileReference; lastKnownFileType = sourcecode.swift; path = TrieTests.swift; sourceTree = "<group>"; };
		C8450D8D2ACF722C00A1E582 /* Solver.swift */ = {isa = PBXFileReference; lastKnownFileType = sourcecode.swift; path = Solver.swift; sourceTree = "<group>"; };
		C894D4A12ACF799600C3739C /* GameBoardView.swift */ = {isa = PBXFileReference; lastKnownFileType = sourcecode.swift; path = GameBoardView.swift; sourceTree = "<group>"; };
		C894D4A62ACFC79C00C3739C /* GameState.swift */ = {isa = PBXFileReference; lastKnownFileType = sourcecode.swift; path = GameState.swift; sourceTree = "<group>"; };
/* End PBXFileReference section */

/* Begin PBXFrameworksBuildPhase section */
		C8450D552ACF692900A1E582 /* Frameworks */ = {
			isa = PBXFrameworksBuildPhase;
			buildActionMask = 2147483647;
			files = (
				C894D4A52ACFC60200C3739C /* ObservableStore in Frameworks */,
			);
			runOnlyForDeploymentPostprocessing = 0;
		};
		C8450D652ACF692B00A1E582 /* Frameworks */ = {
			isa = PBXFrameworksBuildPhase;
			buildActionMask = 2147483647;
			files = (
			);
			runOnlyForDeploymentPostprocessing = 0;
		};
		C8450D6F2ACF692B00A1E582 /* Frameworks */ = {
			isa = PBXFrameworksBuildPhase;
			buildActionMask = 2147483647;
			files = (
			);
			runOnlyForDeploymentPostprocessing = 0;
		};
/* End PBXFrameworksBuildPhase section */

/* Begin PBXGroup section */
		C8450D4F2ACF692900A1E582 = {
			isa = PBXGroup;
			children = (
				C8450D5A2ACF692900A1E582 /* iosevka */,
				C8450D6B2ACF692B00A1E582 /* iosevkaTests */,
				C8450D752ACF692B00A1E582 /* iosevkaUITests */,
				C8450D592ACF692900A1E582 /* Products */,
			);
			sourceTree = "<group>";
		};
		C8450D592ACF692900A1E582 /* Products */ = {
			isa = PBXGroup;
			children = (
				C8450D582ACF692900A1E582 /* iosevka.app */,
				C8450D682ACF692B00A1E582 /* iosevkaTests.xctest */,
				C8450D722ACF692B00A1E582 /* iosevkaUITests.xctest */,
			);
			name = Products;
			sourceTree = "<group>";
		};
		C8450D5A2ACF692900A1E582 /* iosevka */ = {
			isa = PBXGroup;
			children = (
				C8450D5B2ACF692900A1E582 /* iosevkaApp.swift */,
				C8450D5D2ACF692900A1E582 /* ContentView.swift */,
				C8450D5F2ACF692B00A1E582 /* Assets.xcassets */,
				C8450D612ACF692B00A1E582 /* Preview Content */,
				C8450D852ACF694400A1E582 /* Trie.swift */,
				C8450D892ACF6A8500A1E582 /* GameBoard.swift */,
				C8450D8D2ACF722C00A1E582 /* Solver.swift */,
				C894D4A12ACF799600C3739C /* GameBoardView.swift */,
				C894D4A62ACFC79C00C3739C /* GameState.swift */,
			);
			path = iosevka;
			sourceTree = "<group>";
		};
		C8450D612ACF692B00A1E582 /* Preview Content */ = {
			isa = PBXGroup;
			children = (
				C8450D622ACF692B00A1E582 /* Preview Assets.xcassets */,
			);
			path = "Preview Content";
			sourceTree = "<group>";
		};
		C8450D6B2ACF692B00A1E582 /* iosevkaTests */ = {
			isa = PBXGroup;
			children = (
				C8450D6C2ACF692B00A1E582 /* iosevkaTests.swift */,
				C8450D8B2ACF6DF600A1E582 /* TrieTests.swift */,
			);
			path = iosevkaTests;
			sourceTree = "<group>";
		};
		C8450D752ACF692B00A1E582 /* iosevkaUITests */ = {
			isa = PBXGroup;
			children = (
				C8450D762ACF692B00A1E582 /* iosevkaUITests.swift */,
				C8450D782ACF692B00A1E582 /* iosevkaUITestsLaunchTests.swift */,
			);
			path = iosevkaUITests;
			sourceTree = "<group>";
		};
/* End PBXGroup section */

/* Begin PBXNativeTarget section */
		C8450D572ACF692900A1E582 /* iosevka */ = {
			isa = PBXNativeTarget;
			buildConfigurationList = C8450D7C2ACF692B00A1E582 /* Build configuration list for PBXNativeTarget "iosevka" */;
			buildPhases = (
				C8450D542ACF692900A1E582 /* Sources */,
				C8450D552ACF692900A1E582 /* Frameworks */,
				C8450D562ACF692900A1E582 /* Resources */,
			);
			buildRules = (
			);
			dependencies = (
			);
			name = iosevka;
			packageProductDependencies = (
				C894D4A42ACFC60200C3739C /* ObservableStore */,
			);
			productName = iosevka;
			productReference = C8450D582ACF692900A1E582 /* iosevka.app */;
			productType = "com.apple.product-type.application";
		};
		C8450D672ACF692B00A1E582 /* iosevkaTests */ = {
			isa = PBXNativeTarget;
			buildConfigurationList = C8450D7F2ACF692B00A1E582 /* Build configuration list for PBXNativeTarget "iosevkaTests" */;
			buildPhases = (
				C8450D642ACF692B00A1E582 /* Sources */,
				C8450D652ACF692B00A1E582 /* Frameworks */,
				C8450D662ACF692B00A1E582 /* Resources */,
			);
			buildRules = (
			);
			dependencies = (
				C8450D6A2ACF692B00A1E582 /* PBXTargetDependency */,
			);
			name = iosevkaTests;
			productName = iosevkaTests;
			productReference = C8450D682ACF692B00A1E582 /* iosevkaTests.xctest */;
			productType = "com.apple.product-type.bundle.unit-test";
		};
		C8450D712ACF692B00A1E582 /* iosevkaUITests */ = {
			isa = PBXNativeTarget;
			buildConfigurationList = C8450D822ACF692B00A1E582 /* Build configuration list for PBXNativeTarget "iosevkaUITests" */;
			buildPhases = (
				C8450D6E2ACF692B00A1E582 /* Sources */,
				C8450D6F2ACF692B00A1E582 /* Frameworks */,
				C8450D702ACF692B00A1E582 /* Resources */,
			);
			buildRules = (
			);
			dependencies = (
				C8450D742ACF692B00A1E582 /* PBXTargetDependency */,
			);
			name = iosevkaUITests;
			productName = iosevkaUITests;
			productReference = C8450D722ACF692B00A1E582 /* iosevkaUITests.xctest */;
			productType = "com.apple.product-type.bundle.ui-testing";
		};
/* End PBXNativeTarget section */

/* Begin PBXProject section */
		C8450D502ACF692900A1E582 /* Project object */ = {
			isa = PBXProject;
			attributes = {
				BuildIndependentTargetsInParallel = 1;
				LastSwiftUpdateCheck = 1430;
				LastUpgradeCheck = 1430;
				TargetAttributes = {
					C8450D572ACF692900A1E582 = {
						CreatedOnToolsVersion = 14.3.1;
					};
					C8450D672ACF692B00A1E582 = {
						CreatedOnToolsVersion = 14.3.1;
						TestTargetID = C8450D572ACF692900A1E582;
					};
					C8450D712ACF692B00A1E582 = {
						CreatedOnToolsVersion = 14.3.1;
						TestTargetID = C8450D572ACF692900A1E582;
					};
				};
			};
			buildConfigurationList = C8450D532ACF692900A1E582 /* Build configuration list for PBXProject "iosevka" */;
			compatibilityVersion = "Xcode 14.0";
			developmentRegion = en;
			hasScannedForEncodings = 0;
			knownRegions = (
				en,
				Base,
			);
			mainGroup = C8450D4F2ACF692900A1E582;
			packageReferences = (
				C894D4A32ACFC60200C3739C /* XCRemoteSwiftPackageReference "ObservableStore" */,
			);
			productRefGroup = C8450D592ACF692900A1E582 /* Products */;
			projectDirPath = "";
			projectRoot = "";
			targets = (
				C8450D572ACF692900A1E582 /* iosevka */,
				C8450D672ACF692B00A1E582 /* iosevkaTests */,
				C8450D712ACF692B00A1E582 /* iosevkaUITests */,
			);
		};
/* End PBXProject section */

/* Begin PBXResourcesBuildPhase section */
		C8450D562ACF692900A1E582 /* Resources */ = {
			isa = PBXResourcesBuildPhase;
			buildActionMask = 2147483647;
			files = (
				C8450D632ACF692B00A1E582 /* Preview Assets.xcassets in Resources */,
				C8450D602ACF692B00A1E582 /* Assets.xcassets in Resources */,
			);
			runOnlyForDeploymentPostprocessing = 0;
		};
		C8450D662ACF692B00A1E582 /* Resources */ = {
			isa = PBXResourcesBuildPhase;
			buildActionMask = 2147483647;
			files = (
			);
			runOnlyForDeploymentPostprocessing = 0;
		};
		C8450D702ACF692B00A1E582 /* Resources */ = {
			isa = PBXResourcesBuildPhase;
			buildActionMask = 2147483647;
			files = (
			);
			runOnlyForDeploymentPostprocessing = 0;
		};
/* End PBXResourcesBuildPhase section */

/* Begin PBXSourcesBuildPhase section */
		C8450D542ACF692900A1E582 /* Sources */ = {
			isa = PBXSourcesBuildPhase;
			buildActionMask = 2147483647;
			files = (
				C8450D8E2ACF722C00A1E582 /* Solver.swift in Sources */,
				C8450D8A2ACF6A8500A1E582 /* GameBoard.swift in Sources */,
				C8450D862ACF694400A1E582 /* Trie.swift in Sources */,
				C8450D5E2ACF692900A1E582 /* ContentView.swift in Sources */,
				C894D4A72ACFC79C00C3739C /* GameState.swift in Sources */,
				C894D4A22ACF799600C3739C /* GameBoardView.swift in Sources */,
				C8450D5C2ACF692900A1E582 /* iosevkaApp.swift in Sources */,
			);
			runOnlyForDeploymentPostprocessing = 0;
		};
		C8450D642ACF692B00A1E582 /* Sources */ = {
			isa = PBXSourcesBuildPhase;
			buildActionMask = 2147483647;
			files = (
				C8450D6D2ACF692B00A1E582 /* iosevkaTests.swift in Sources */,
				C8450D8C2ACF6DF600A1E582 /* TrieTests.swift in Sources */,
			);
			runOnlyForDeploymentPostprocessing = 0;
		};
		C8450D6E2ACF692B00A1E582 /* Sources */ = {
			isa = PBXSourcesBuildPhase;
			buildActionMask = 2147483647;
			files = (
				C8450D772ACF692B00A1E582 /* iosevkaUITests.swift in Sources */,
				C8450D792ACF692B00A1E582 /* iosevkaUITestsLaunchTests.swift in Sources */,
			);
			runOnlyForDeploymentPostprocessing = 0;
		};
/* End PBXSourcesBuildPhase section */

/* Begin PBXTargetDependency section */
		C8450D6A2ACF692B00A1E582 /* PBXTargetDependency */ = {
			isa = PBXTargetDependency;
			target = C8450D572ACF692900A1E582 /* iosevka */;
			targetProxy = C8450D692ACF692B00A1E582 /* PBXContainerItemProxy */;
		};
		C8450D742ACF692B00A1E582 /* PBXTargetDependency */ = {
			isa = PBXTargetDependency;
			target = C8450D572ACF692900A1E582 /* iosevka */;
			targetProxy = C8450D732ACF692B00A1E582 /* PBXContainerItemProxy */;
		};
/* End PBXTargetDependency section */

/* Begin XCBuildConfiguration section */
		C8450D7A2ACF692B00A1E582 /* Debug */ = {
			isa = XCBuildConfiguration;
			buildSettings = {
				ALWAYS_SEARCH_USER_PATHS = NO;
				CLANG_ANALYZER_NONNULL = YES;
				CLANG_ANALYZER_NUMBER_OBJECT_CONVERSION = YES_AGGRESSIVE;
				CLANG_CXX_LANGUAGE_STANDARD = "gnu++20";
				CLANG_ENABLE_MODULES = YES;
				CLANG_ENABLE_OBJC_ARC = YES;
				CLANG_ENABLE_OBJC_WEAK = YES;
				CLANG_WARN_BLOCK_CAPTURE_AUTORELEASING = YES;
				CLANG_WARN_BOOL_CONVERSION = YES;
				CLANG_WARN_COMMA = YES;
				CLANG_WARN_CONSTANT_CONVERSION = YES;
				CLANG_WARN_DEPRECATED_OBJC_IMPLEMENTATIONS = YES;
				CLANG_WARN_DIRECT_OBJC_ISA_USAGE = YES_ERROR;
				CLANG_WARN_DOCUMENTATION_COMMENTS = YES;
				CLANG_WARN_EMPTY_BODY = YES;
				CLANG_WARN_ENUM_CONVERSION = YES;
				CLANG_WARN_INFINITE_RECURSION = YES;
				CLANG_WARN_INT_CONVERSION = YES;
				CLANG_WARN_NON_LITERAL_NULL_CONVERSION = YES;
				CLANG_WARN_OBJC_IMPLICIT_RETAIN_SELF = YES;
				CLANG_WARN_OBJC_LITERAL_CONVERSION = YES;
				CLANG_WARN_OBJC_ROOT_CLASS = YES_ERROR;
				CLANG_WARN_QUOTED_INCLUDE_IN_FRAMEWORK_HEADER = YES;
				CLANG_WARN_RANGE_LOOP_ANALYSIS = YES;
				CLANG_WARN_STRICT_PROTOTYPES = YES;
				CLANG_WARN_SUSPICIOUS_MOVE = YES;
				CLANG_WARN_UNGUARDED_AVAILABILITY = YES_AGGRESSIVE;
				CLANG_WARN_UNREACHABLE_CODE = YES;
				CLANG_WARN__DUPLICATE_METHOD_MATCH = YES;
				COPY_PHASE_STRIP = NO;
				DEBUG_INFORMATION_FORMAT = dwarf;
				ENABLE_STRICT_OBJC_MSGSEND = YES;
				ENABLE_TESTABILITY = YES;
				GCC_C_LANGUAGE_STANDARD = gnu11;
				GCC_DYNAMIC_NO_PIC = NO;
				GCC_NO_COMMON_BLOCKS = YES;
				GCC_OPTIMIZATION_LEVEL = 0;
				GCC_PREPROCESSOR_DEFINITIONS = (
					"DEBUG=1",
					"$(inherited)",
				);
				GCC_WARN_64_TO_32_BIT_CONVERSION = YES;
				GCC_WARN_ABOUT_RETURN_TYPE = YES_ERROR;
				GCC_WARN_UNDECLARED_SELECTOR = YES;
				GCC_WARN_UNINITIALIZED_AUTOS = YES_AGGRESSIVE;
				GCC_WARN_UNUSED_FUNCTION = YES;
				GCC_WARN_UNUSED_VARIABLE = YES;
				IPHONEOS_DEPLOYMENT_TARGET = 16.4;
				MTL_ENABLE_DEBUG_INFO = INCLUDE_SOURCE;
				MTL_FAST_MATH = YES;
				ONLY_ACTIVE_ARCH = YES;
				SDKROOT = iphoneos;
				SWIFT_ACTIVE_COMPILATION_CONDITIONS = DEBUG;
				SWIFT_OPTIMIZATION_LEVEL = "-Onone";
			};
			name = Debug;
		};
		C8450D7B2ACF692B00A1E582 /* Release */ = {
			isa = XCBuildConfiguration;
			buildSettings = {
				ALWAYS_SEARCH_USER_PATHS = NO;
				CLANG_ANALYZER_NONNULL = YES;
				CLANG_ANALYZER_NUMBER_OBJECT_CONVERSION = YES_AGGRESSIVE;
				CLANG_CXX_LANGUAGE_STANDARD = "gnu++20";
				CLANG_ENABLE_MODULES = YES;
				CLANG_ENABLE_OBJC_ARC = YES;
				CLANG_ENABLE_OBJC_WEAK = YES;
				CLANG_WARN_BLOCK_CAPTURE_AUTORELEASING = YES;
				CLANG_WARN_BOOL_CONVERSION = YES;
				CLANG_WARN_COMMA = YES;
				CLANG_WARN_CONSTANT_CONVERSION = YES;
				CLANG_WARN_DEPRECATED_OBJC_IMPLEMENTATIONS = YES;
				CLANG_WARN_DIRECT_OBJC_ISA_USAGE = YES_ERROR;
				CLANG_WARN_DOCUMENTATION_COMMENTS = YES;
				CLANG_WARN_EMPTY_BODY = YES;
				CLANG_WARN_ENUM_CONVERSION = YES;
				CLANG_WARN_INFINITE_RECURSION = YES;
				CLANG_WARN_INT_CONVERSION = YES;
				CLANG_WARN_NON_LITERAL_NULL_CONVERSION = YES;
				CLANG_WARN_OBJC_IMPLICIT_RETAIN_SELF = YES;
				CLANG_WARN_OBJC_LITERAL_CONVERSION = YES;
				CLANG_WARN_OBJC_ROOT_CLASS = YES_ERROR;
				CLANG_WARN_QUOTED_INCLUDE_IN_FRAMEWORK_HEADER = YES;
				CLANG_WARN_RANGE_LOOP_ANALYSIS = YES;
				CLANG_WARN_STRICT_PROTOTYPES = YES;
				CLANG_WARN_SUSPICIOUS_MOVE = YES;
				CLANG_WARN_UNGUARDED_AVAILABILITY = YES_AGGRESSIVE;
				CLANG_WARN_UNREACHABLE_CODE = YES;
				CLANG_WARN__DUPLICATE_METHOD_MATCH = YES;
				COPY_PHASE_STRIP = NO;
				DEBUG_INFORMATION_FORMAT = "dwarf-with-dsym";
				ENABLE_NS_ASSERTIONS = NO;
				ENABLE_STRICT_OBJC_MSGSEND = YES;
				GCC_C_LANGUAGE_STANDARD = gnu11;
				GCC_NO_COMMON_BLOCKS = YES;
				GCC_WARN_64_TO_32_BIT_CONVERSION = YES;
				GCC_WARN_ABOUT_RETURN_TYPE = YES_ERROR;
				GCC_WARN_UNDECLARED_SELECTOR = YES;
				GCC_WARN_UNINITIALIZED_AUTOS = YES_AGGRESSIVE;
				GCC_WARN_UNUSED_FUNCTION = YES;
				GCC_WARN_UNUSED_VARIABLE = YES;
				IPHONEOS_DEPLOYMENT_TARGET = 16.4;
				MTL_ENABLE_DEBUG_INFO = NO;
				MTL_FAST_MATH = YES;
				SDKROOT = iphoneos;
				SWIFT_COMPILATION_MODE = wholemodule;
				SWIFT_OPTIMIZATION_LEVEL = "-O";
				VALIDATE_PRODUCT = YES;
			};
			name = Release;
		};
		C8450D7D2ACF692B00A1E582 /* Debug */ = {
			isa = XCBuildConfiguration;
			buildSettings = {
				ASSETCATALOG_COMPILER_APPICON_NAME = AppIcon;
				ASSETCATALOG_COMPILER_GLOBAL_ACCENT_COLOR_NAME = AccentColor;
				CODE_SIGN_STYLE = Automatic;
				CURRENT_PROJECT_VERSION = 1;
				DEVELOPMENT_ASSET_PATHS = "\"iosevka/Preview Content\"";
				ENABLE_PREVIEWS = YES;
				GENERATE_INFOPLIST_FILE = YES;
				INFOPLIST_KEY_UIApplicationSceneManifest_Generation = YES;
				INFOPLIST_KEY_UIApplicationSupportsIndirectInputEvents = YES;
				INFOPLIST_KEY_UILaunchScreen_Generation = YES;
				INFOPLIST_KEY_UISupportedInterfaceOrientations_iPad = "UIInterfaceOrientationPortrait UIInterfaceOrientationPortraitUpsideDown UIInterfaceOrientationLandscapeLeft UIInterfaceOrientationLandscapeRight";
				INFOPLIST_KEY_UISupportedInterfaceOrientations_iPhone = "UIInterfaceOrientationPortrait UIInterfaceOrientationLandscapeLeft UIInterfaceOrientationLandscapeRight";
				LD_RUNPATH_SEARCH_PATHS = (
					"$(inherited)",
					"@executable_path/Frameworks",
				);
				MARKETING_VERSION = 1.0;
				PRODUCT_BUNDLE_IDENTIFIER = zantonio.iosevka;
				PRODUCT_NAME = "$(TARGET_NAME)";
				SWIFT_EMIT_LOC_STRINGS = YES;
				SWIFT_VERSION = 5.0;
				TARGETED_DEVICE_FAMILY = "1,2";
			};
			name = Debug;
		};
		C8450D7E2ACF692B00A1E582 /* Release */ = {
			isa = XCBuildConfiguration;
			buildSettings = {
				ASSETCATALOG_COMPILER_APPICON_NAME = AppIcon;
				ASSETCATALOG_COMPILER_GLOBAL_ACCENT_COLOR_NAME = AccentColor;
				CODE_SIGN_STYLE = Automatic;
				CURRENT_PROJECT_VERSION = 1;
				DEVELOPMENT_ASSET_PATHS = "\"iosevka/Preview Content\"";
				ENABLE_PREVIEWS = YES;
				GENERATE_INFOPLIST_FILE = YES;
				INFOPLIST_KEY_UIApplicationSceneManifest_Generation = YES;
				INFOPLIST_KEY_UIApplicationSupportsIndirectInputEvents = YES;
				INFOPLIST_KEY_UILaunchScreen_Generation = YES;
				INFOPLIST_KEY_UISupportedInterfaceOrientations_iPad = "UIInterfaceOrientationPortrait UIInterfaceOrientationPortraitUpsideDown UIInterfaceOrientationLandscapeLeft UIInterfaceOrientationLandscapeRight";
				INFOPLIST_KEY_UISupportedInterfaceOrientations_iPhone = "UIInterfaceOrientationPortrait UIInterfaceOrientationLandscapeLeft UIInterfaceOrientationLandscapeRight";
				LD_RUNPATH_SEARCH_PATHS = (
					"$(inherited)",
					"@executable_path/Frameworks",
				);
				MARKETING_VERSION = 1.0;
				PRODUCT_BUNDLE_IDENTIFIER = zantonio.iosevka;
				PRODUCT_NAME = "$(TARGET_NAME)";
				SWIFT_EMIT_LOC_STRINGS = YES;
				SWIFT_VERSION = 5.0;
				TARGETED_DEVICE_FAMILY = "1,2";
			};
			name = Release;
		};
		C8450D802ACF692B00A1E582 /* Debug */ = {
			isa = XCBuildConfiguration;
			buildSettings = {
				ALWAYS_EMBED_SWIFT_STANDARD_LIBRARIES = YES;
				BUNDLE_LOADER = "$(TEST_HOST)";
				CODE_SIGN_STYLE = Automatic;
				CURRENT_PROJECT_VERSION = 1;
				GENERATE_INFOPLIST_FILE = YES;
				IPHONEOS_DEPLOYMENT_TARGET = 16.4;
				MARKETING_VERSION = 1.0;
				PRODUCT_BUNDLE_IDENTIFIER = zantonio.iosevkaTests;
				PRODUCT_NAME = "$(TARGET_NAME)";
				SWIFT_EMIT_LOC_STRINGS = NO;
				SWIFT_VERSION = 5.0;
				TARGETED_DEVICE_FAMILY = "1,2";
				TEST_HOST = "$(BUILT_PRODUCTS_DIR)/iosevka.app/$(BUNDLE_EXECUTABLE_FOLDER_PATH)/iosevka";
			};
			name = Debug;
		};
		C8450D812ACF692B00A1E582 /* Release */ = {
			isa = XCBuildConfiguration;
			buildSettings = {
				ALWAYS_EMBED_SWIFT_STANDARD_LIBRARIES = YES;
				BUNDLE_LOADER = "$(TEST_HOST)";
				CODE_SIGN_STYLE = Automatic;
				CURRENT_PROJECT_VERSION = 1;
				GENERATE_INFOPLIST_FILE = YES;
				IPHONEOS_DEPLOYMENT_TARGET = 16.4;
				MARKETING_VERSION = 1.0;
				PRODUCT_BUNDLE_IDENTIFIER = zantonio.iosevkaTests;
				PRODUCT_NAME = "$(TARGET_NAME)";
				SWIFT_EMIT_LOC_STRINGS = NO;
				SWIFT_VERSION = 5.0;
				TARGETED_DEVICE_FAMILY = "1,2";
				TEST_HOST = "$(BUILT_PRODUCTS_DIR)/iosevka.app/$(BUNDLE_EXECUTABLE_FOLDER_PATH)/iosevka";
			};
			name = Release;
		};
		C8450D832ACF692B00A1E582 /* Debug */ = {
			isa = XCBuildConfiguration;
			buildSettings = {
				ALWAYS_EMBED_SWIFT_STANDARD_LIBRARIES = YES;
				CODE_SIGN_STYLE = Automatic;
				CURRENT_PROJECT_VERSION = 1;
				GENERATE_INFOPLIST_FILE = YES;
				MARKETING_VERSION = 1.0;
				PRODUCT_BUNDLE_IDENTIFIER = zantonio.iosevkaUITests;
				PRODUCT_NAME = "$(TARGET_NAME)";
				SWIFT_EMIT_LOC_STRINGS = NO;
				SWIFT_VERSION = 5.0;
				TARGETED_DEVICE_FAMILY = "1,2";
				TEST_TARGET_NAME = iosevka;
			};
			name = Debug;
		};
		C8450D842ACF692B00A1E582 /* Release */ = {
			isa = XCBuildConfiguration;
			buildSettings = {
				ALWAYS_EMBED_SWIFT_STANDARD_LIBRARIES = YES;
				CODE_SIGN_STYLE = Automatic;
				CURRENT_PROJECT_VERSION = 1;
				GENERATE_INFOPLIST_FILE = YES;
				MARKETING_VERSION = 1.0;
				PRODUCT_BUNDLE_IDENTIFIER = zantonio.iosevkaUITests;
				PRODUCT_NAME = "$(TARGET_NAME)";
				SWIFT_EMIT_LOC_STRINGS = NO;
				SWIFT_VERSION = 5.0;
				TARGETED_DEVICE_FAMILY = "1,2";
				TEST_TARGET_NAME = iosevka;
			};
			name = Release;
		};
/* End XCBuildConfiguration section */

/* Begin XCConfigurationList section */
		C8450D532ACF692900A1E582 /* Build configuration list for PBXProject "iosevka" */ = {
			isa = XCConfigurationList;
			buildConfigurations = (
				C8450D7A2ACF692B00A1E582 /* Debug */,
				C8450D7B2ACF692B00A1E582 /* Release */,
			);
			defaultConfigurationIsVisible = 0;
			defaultConfigurationName = Release;
		};
		C8450D7C2ACF692B00A1E582 /* Build configuration list for PBXNativeTarget "iosevka" */ = {
			isa = XCConfigurationList;
			buildConfigurations = (
				C8450D7D2ACF692B00A1E582 /* Debug */,
				C8450D7E2ACF692B00A1E582 /* Release */,
			);
			defaultConfigurationIsVisible = 0;
			defaultConfigurationName = Release;
		};
		C8450D7F2ACF692B00A1E582 /* Build configuration list for PBXNativeTarget "iosevkaTests" */ = {
			isa = XCConfigurationList;
			buildConfigurations = (
				C8450D802ACF692B00A1E582 /* Debug */,
				C8450D812ACF692B00A1E582 /* Release */,
			);
			defaultConfigurationIsVisible = 0;
			defaultConfigurationName = Release;
		};
		C8450D822ACF692B00A1E582 /* Build configuration list for PBXNativeTarget "iosevkaUITests" */ = {
			isa = XCConfigurationList;
			buildConfigurations = (
				C8450D832ACF692B00A1E582 /* Debug */,
				C8450D842ACF692B00A1E582 /* Release */,
			);
			defaultConfigurationIsVisible = 0;
			defaultConfigurationName = Release;
		};
/* End XCConfigurationList section */

/* Begin XCRemoteSwiftPackageReference section */
		C894D4A32ACFC60200C3739C /* XCRemoteSwiftPackageReference "ObservableStore" */ = {
			isa = XCRemoteSwiftPackageReference;
			repositoryURL = "https://github.com/subconsciousnetwork/ObservableStore";
			requirement = {
				kind = upToNextMajorVersion;
				minimumVersion = 0.2.0;
			};
		};
/* End XCRemoteSwiftPackageReference section */

/* Begin XCSwiftPackageProductDependency section */
		C894D4A42ACFC60200C3739C /* ObservableStore */ = {
			isa = XCSwiftPackageProductDependency;
			package = C894D4A32ACFC60200C3739C /* XCRemoteSwiftPackageReference "ObservableStore" */;
			productName = ObservableStore;
		};
/* End XCSwiftPackageProductDependency section */
	};
	rootObject = C8450D502ACF692900A1E582 /* Project object */;
}
